
Microsoft Visual Studio Solution File, Format Version 12.00
# Visual Studio Version 17
VisualStudioVersion = 17.11.35327.3
MinimumVisualStudioVersion = 10.0.40219.1
Project("{FAE04EC0-301F-11D3-BF4B-00C04F79EFBC}") = "H3Oef8Dubbelfeest", "H3Oef8Dubbelfeest\H3Oef8Dubbelfeest.csproj", "{87C843E2-B2F6-4F8A-8C35-F5C8CFB6DB4E}"
EndProject
Global
	GlobalSection(SolutionConfigurationPlatforms) = preSolution
		Debug|Any CPU = Debug|Any CPU
		Release|Any CPU = Release|Any CPU
	EndGlobalSection
	GlobalSection(ProjectConfigurationPlatforms) = postSolution
		{87C843E2-B2F6-4F8A-8C35-F5C8CFB6DB4E}.Debug|Any CPU.ActiveCfg = Debug|Any CPU
		{87C843E2-B2F6-4F8A-8C35-F5C8CFB6DB4E}.Debug|Any CPU.Build.0 = Debug|Any CPU
		{87C843E2-B2F6-4F8A-8C35-F5C8CFB6DB4E}.Release|Any CPU.ActiveCfg = Release|Any CPU
		{87C843E2-B2F6-4F8A-8C35-F5C8CFB6DB4E}.Release|Any CPU.Build.0 = Release|Any CPU
	EndGlobalSection
	GlobalSection(SolutionProperties) = preSolution
		HideSolutionNode = FALSE
	EndGlobalSection
	GlobalSection(ExtensibilityGlobals) = postSolution
		SolutionGuid = {042A84E7-C746-4C20-A2BA-33A11F2F36A1}
	EndGlobalSection
EndGlobal
